
Microsoft Visual Studio Solution File, Format Version 12.00
# Visual Studio Version 16
VisualStudioVersion = 16.0.30204.135
MinimumVisualStudioVersion = 10.0.40219.1
Project("{9A19103F-16F7-4668-BE54-9A1E7A4F7556}") = "OdeToFood", "OdeToFood.csproj", "{8339C9F7-E2AD-4BE4-9111-B9BE2EC62BD8}"
EndProject
Project("{9A19103F-16F7-4668-BE54-9A1E7A4F7556}") = "OdeToFood.Core", "..\OdeToFood.Core\OdeToFood.Core.csproj", "{A5AF55AD-B54D-43B4-9B32-F30DB493ADE4}"
EndProject
Project("{9A19103F-16F7-4668-BE54-9A1E7A4F7556}") = "OdeToFood.Data", "..\OdeToFood.Data\OdeToFood.Data.csproj", "{981B7849-4D01-49F2-8621-7A15ED33C155}"
EndProject
Global
	GlobalSection(SolutionConfigurationPlatforms) = preSolution
		Debug|Any CPU = Debug|Any CPU
		Release|Any CPU = Release|Any CPU
	EndGlobalSection
	GlobalSection(ProjectConfigurationPlatforms) = postSolution
		{8339C9F7-E2AD-4BE4-9111-B9BE2EC62BD8}.Debug|Any CPU.ActiveCfg = Debug|Any CPU
		{8339C9F7-E2AD-4BE4-9111-B9BE2EC62BD8}.Debug|Any CPU.Build.0 = Debug|Any CPU
		{8339C9F7-E2AD-4BE4-9111-B9BE2EC62BD8}.Release|Any CPU.ActiveCfg = Release|Any CPU
		{8339C9F7-E2AD-4BE4-9111-B9BE2EC62BD8}.Release|Any CPU.Build.0 = Release|Any CPU
		{A5AF55AD-B54D-43B4-9B32-F30DB493ADE4}.Debug|Any CPU.ActiveCfg = Debug|Any CPU
		{A5AF55AD-B54D-43B4-9B32-F30DB493ADE4}.Debug|Any CPU.Build.0 = Debug|Any CPU
		{A5AF55AD-B54D-43B4-9B32-F30DB493ADE4}.Release|Any CPU.ActiveCfg = Release|Any CPU
		{A5AF55AD-B54D-43B4-9B32-F30DB493ADE4}.Release|Any CPU.Build.0 = Release|Any CPU
		{981B7849-4D01-49F2-8621-7A15ED33C155}.Debug|Any CPU.ActiveCfg = Debug|Any CPU
		{981B7849-4D01-49F2-8621-7A15ED33C155}.Debug|Any CPU.Build.0 = Debug|Any CPU
		{981B7849-4D01-49F2-8621-7A15ED33C155}.Release|Any CPU.ActiveCfg = Release|Any CPU
		{981B7849-4D01-49F2-8621-7A15ED33C155}.Release|Any CPU.Build.0 = Release|Any CPU
	EndGlobalSection
	GlobalSection(SolutionProperties) = preSolution
		HideSolutionNode = FALSE
	EndGlobalSection
	GlobalSection(ExtensibilityGlobals) = postSolution
		SolutionGuid = {11A8234C-F7D1-4006-9D71-C615FCAC4FA1}
	EndGlobalSection
EndGlobal
